
Microsoft Visual Studio Solution File, Format Version 12.00
# Visual Studio 14
VisualStudioVersion = 14.0.25420.1
MinimumVisualStudioVersion = 10.0.40219.1
Project("{151D2E53-A2C4-4D7D-83FE-D05416EBD58E}") = "MelbUserGroup-ARM", "MelbUserGroup-ARM\MelbUserGroup-ARM.deployproj", "{C661C347-2B90-469D-9272-C48A9E8878B6}"
EndProject
Global
	GlobalSection(SolutionConfigurationPlatforms) = preSolution
		Debug|Any CPU = Debug|Any CPU
		Release|Any CPU = Release|Any CPU
	EndGlobalSection
	GlobalSection(ProjectConfigurationPlatforms) = postSolution
		{C661C347-2B90-469D-9272-C48A9E8878B6}.Debug|Any CPU.ActiveCfg = Debug|Any CPU
		{C661C347-2B90-469D-9272-C48A9E8878B6}.Debug|Any CPU.Build.0 = Debug|Any CPU
		{C661C347-2B90-469D-9272-C48A9E8878B6}.Release|Any CPU.ActiveCfg = Release|Any CPU
		{C661C347-2B90-469D-9272-C48A9E8878B6}.Release|Any CPU.Build.0 = Release|Any CPU
	EndGlobalSection
	GlobalSection(SolutionProperties) = preSolution
		HideSolutionNode = FALSE
	EndGlobalSection
EndGlobal
